Microsoft Visual Studio Solution File, Format Version 12.00
# Visual Studio Version 17
VisualStudioVersion = 17.5.33627.172
MinimumVisualStudioVersion = 10.0.40219.1
Project("{9A19103F-16F7-4668-BE54-9A1E7A4F7556}") = "demoangular", "..\packages\demoangular\Files\demoangular.csproj", "{C91018AC-CF94-455E-BCB7-A2ADDCBD927F}"
EndProject
Project("{9A19103F-16F7-4668-BE54-9A1E7A4F7556}") = "DemoAngularBackEnd", "..\packages\DemoAngularBackEnd\Files\DemoAngularBackEnd.csproj", "{383D499E-E88B-4E03-A492-BC5B96F8A246}"
EndProject
Project("{9A19103F-16F7-4668-BE54-9A1E7A4F7556}") = "MrktTestDemoApp", "..\packages\MrktTestDemoApp\Files\MrktTestDemoApp.csproj", "{8CECF1A0-DAB2-4655-B0EE-E057B5BE56C3}"
EndProject
Project("{FAE04EC0-301F-11D3-BF4B-00C04F79EFBC}") = "DemoAngularBackEndTests", "..\Tests\DemoAngularBackEndTests\DemoAngularBackEndTests.csproj", "{B71A244A-47D5-4DE8-A4ED-418C146ED026}"
EndProject
Global
	GlobalSection(SolutionConfigurationPlatforms) = preSolution
		Debug|Any CPU = Debug|Any CPU
		Release|Any CPU = Release|Any CPU
	EndGlobalSection
	GlobalSection(ProjectConfigurationPlatforms) = postSolution
		{C91018AC-CF94-455E-BCB7-A2ADDCBD927F}.Debug|Any CPU.ActiveCfg = Debug|Any CPU
		{C91018AC-CF94-455E-BCB7-A2ADDCBD927F}.Debug|Any CPU.Build.0 = Debug|Any CPU
		{C91018AC-CF94-455E-BCB7-A2ADDCBD927F}.Release|Any CPU.ActiveCfg = Release|Any CPU
		{C91018AC-CF94-455E-BCB7-A2ADDCBD927F}.Release|Any CPU.Build.0 = Release|Any CPU
		{383D499E-E88B-4E03-A492-BC5B96F8A246}.Debug|Any CPU.ActiveCfg = Debug|Any CPU
		{383D499E-E88B-4E03-A492-BC5B96F8A246}.Debug|Any CPU.Build.0 = Debug|Any CPU
		{383D499E-E88B-4E03-A492-BC5B96F8A246}.Release|Any CPU.ActiveCfg = Release|Any CPU
		{383D499E-E88B-4E03-A492-BC5B96F8A246}.Release|Any CPU.Build.0 = Release|Any CPU
		{8CECF1A0-DAB2-4655-B0EE-E057B5BE56C3}.Debug|Any CPU.ActiveCfg = Debug|Any CPU
		{8CECF1A0-DAB2-4655-B0EE-E057B5BE56C3}.Debug|Any CPU.Build.0 = Debug|Any CPU
		{8CECF1A0-DAB2-4655-B0EE-E057B5BE56C3}.Release|Any CPU.ActiveCfg = Release|Any CPU
		{8CECF1A0-DAB2-4655-B0EE-E057B5BE56C3}.Release|Any CPU.Build.0 = Release|Any CPU
		{B71A244A-47D5-4DE8-A4ED-418C146ED026}.Debug|Any CPU.ActiveCfg = Debug|Any CPU
		{B71A244A-47D5-4DE8-A4ED-418C146ED026}.Debug|Any CPU.Build.0 = Debug|Any CPU
		{B71A244A-47D5-4DE8-A4ED-418C146ED026}.Release|Any CPU.ActiveCfg = Release|Any CPU
		{B71A244A-47D5-4DE8-A4ED-418C146ED026}.Release|Any CPU.Build.0 = Release|Any CPU
	EndGlobalSection
	GlobalSection(SolutionProperties) = preSolution
		HideSolutionNode = FALSE
	EndGlobalSection
EndGlobal
